// !$*UTF8*$!
{
	archiveVersion = 1;
	classes = {
	};
	objectVersion = 56;
	objects = {

/* Begin PBXBuildFile section */
		EBBCA2AA29E3E76500B9DC32 /* AppDelegate.swift in Sources */ = {isa = PBXBuildFile; fileRef = EBBCA2A929E3E76500B9DC32 /* AppDelegate.swift */; };
		EBBCA2AC29E3E76500B9DC32 /* SceneDelegate.swift in Sources */ = {isa = PBXBuildFile; fileRef = EBBCA2AB29E3E76500B9DC32 /* SceneDelegate.swift */; };
		EBBCA2AE29E3E76500B9DC32 /* ViewController.swift in Sources */ = {isa = PBXBuildFile; fileRef = EBBCA2AD29E3E76500B9DC32 /* ViewController.swift */; };
		EBBCA2B129E3E76500B9DC32 /* Main.storyboard in Resources */ = {isa = PBXBuildFile; fileRef = EBBCA2AF29E3E76500B9DC32 /* Main.storyboard */; };
		EBBCA2B329E3E76800B9DC32 /* Assets.xcassets in Resources */ = {isa = PBXBuildFile; fileRef = EBBCA2B229E3E76800B9DC32 /* Assets.xcassets */; };
		EBBCA2B629E3E76800B9DC32 /* LaunchScreen.storyboard in Resources */ = {isa = PBXBuildFile; fileRef = EBBCA2B429E3E76800B9DC32 /* LaunchScreen.storyboard */; };
		EBBCA2C729E3E7B000B9DC32 /* AppNetworkConnectivity.swift in Sources */ = {isa = PBXBuildFile; fileRef = EBBCA2BF29E3E7B000B9DC32 /* AppNetworkConnectivity.swift */; };
		EBBCA2C829E3E7B000B9DC32 /* AppAPIRequest.swift in Sources */ = {isa = PBXBuildFile; fileRef = EBBCA2C029E3E7B000B9DC32 /* AppAPIRequest.swift */; };
		EBBCA2C929E3E7B000B9DC32 /* AppNetworkManager.swift in Sources */ = {isa = PBXBuildFile; fileRef = EBBCA2C129E3E7B000B9DC32 /* AppNetworkManager.swift */; };
		EBBCA2CA29E3E7B000B9DC32 /* APIData.swift in Sources */ = {isa = PBXBuildFile; fileRef = EBBCA2C329E3E7B000B9DC32 /* APIData.swift */; };
		EBBCA2CB29E3E7B000B9DC32 /* NetworkConnectivity.swift in Sources */ = {isa = PBXBuildFile; fileRef = EBBCA2C429E3E7B000B9DC32 /* NetworkConnectivity.swift */; };
		EBBCA2CC29E3E7B000B9DC32 /* BaseAPIClient.swift in Sources */ = {isa = PBXBuildFile; fileRef = EBBCA2C529E3E7B000B9DC32 /* BaseAPIClient.swift */; };
		EBBCA2CD29E3E7B000B9DC32 /* APIRequest.swift in Sources */ = {isa = PBXBuildFile; fileRef = EBBCA2C629E3E7B000B9DC32 /* APIRequest.swift */; };
		EBBCA2D029E3E85F00B9DC32 /* Alamofire in Frameworks */ = {isa = PBXBuildFile; productRef = EBBCA2CF29E3E85F00B9DC32 /* Alamofire */; };
		EBBCA2D229E3E93C00B9DC32 /* APIRequestType.swift in Sources */ = {isa = PBXBuildFile; fileRef = EBBCA2D129E3E93C00B9DC32 /* APIRequestType.swift */; };
		EBBCA2D429E3EA2300B9DC32 /* APIPaths.swift in Sources */ = {isa = PBXBuildFile; fileRef = EBBCA2D329E3EA2300B9DC32 /* APIPaths.swift */; };
		EBBCA2D829E4154B00B9DC32 /* AppConfiguration.swift in Sources */ = {isa = PBXBuildFile; fileRef = EBBCA2D729E4154B00B9DC32 /* AppConfiguration.swift */; };
		EBBCA2DB29E4160400B9DC32 /* StringUtility.swift in Sources */ = {isa = PBXBuildFile; fileRef = EBBCA2DA29E4160400B9DC32 /* StringUtility.swift */; };
		EBBCA2DE29E41F0A00B9DC32 /* FirebaseAuth in Frameworks */ = {isa = PBXBuildFile; productRef = EBBCA2DD29E41F0A00B9DC32 /* FirebaseAuth */; };
		EBBCA2E329E41F6800B9DC32 /* AppFirebase.swift in Sources */ = {isa = PBXBuildFile; fileRef = EBBCA2E229E41F6800B9DC32 /* AppFirebase.swift */; };
		EBBCA2E629E4205500B9DC32 /* AppUserDefaults.swift in Sources */ = {isa = PBXBuildFile; fileRef = EBBCA2E529E4205500B9DC32 /* AppUserDefaults.swift */; };
		EBBCA2E929E4583F00B9DC32 /* UploadUseCase.swift in Sources */ = {isa = PBXBuildFile; fileRef = EBBCA2E829E4583E00B9DC32 /* UploadUseCase.swift */; };
		EBBCA2EC29E458AD00B9DC32 /* UploadImageDTO.swift in Sources */ = {isa = PBXBuildFile; fileRef = EBBCA2EB29E458AD00B9DC32 /* UploadImageDTO.swift */; };
		EBBCA2EE29E4590100B9DC32 /* DateExtensions.swift in Sources */ = {isa = PBXBuildFile; fileRef = EBBCA2ED29E4590100B9DC32 /* DateExtensions.swift */; };
		EBBCA2F029E459A800B9DC32 /* encodableExtensions.swift in Sources */ = {isa = PBXBuildFile; fileRef = EBBCA2EF29E459A800B9DC32 /* encodableExtensions.swift */; };
		EBBCA2F229E45A6A00B9DC32 /* PostUseCase.swift in Sources */ = {isa = PBXBuildFile; fileRef = EBBCA2F129E45A6A00B9DC32 /* PostUseCase.swift */; };
		EBBCA2F429E45AE400B9DC32 /* GroupCreatePostDTO.swift in Sources */ = {isa = PBXBuildFile; fileRef = EBBCA2F329E45AE400B9DC32 /* GroupCreatePostDTO.swift */; };
/* End PBXBuildFile section */

/* Begin PBXFileReference section */
		EBBCA2A629E3E76500B9DC32 /* NetworkLayer.app */ = {isa = PBXFileReference; explicitFileType = wrapper.application; includeInIndex = 0; path = NetworkLayer.app; sourceTree = BUILT_PRODUCTS_DIR; };
		EBBCA2A929E3E76500B9DC32 /* AppDelegate.swift */ = {isa = PBXFileReference; lastKnownFileType = sourcecode.swift; path = AppDelegate.swift; sourceTree = "<group>"; };
		EBBCA2AB29E3E76500B9DC32 /* SceneDelegate.swift */ = {isa = PBXFileReference; lastKnownFileType = sourcecode.swift; path = SceneDelegate.swift; sourceTree = "<group>"; };
		EBBCA2AD29E3E76500B9DC32 /* ViewController.swift */ = {isa = PBXFileReference; lastKnownFileType = sourcecode.swift; path = ViewController.swift; sourceTree = "<group>"; };
		EBBCA2B029E3E76500B9DC32 /* Base */ = {isa = PBXFileReference; lastKnownFileType = file.storyboard; name = Base; path = Base.lproj/Main.storyboard; sourceTree = "<group>"; };
		EBBCA2B229E3E76800B9DC32 /* Assets.xcassets */ = {isa = PBXFileReference; lastKnownFileType = folder.assetcatalog; path = Assets.xcassets; sourceTree = "<group>"; };
		EBBCA2B529E3E76800B9DC32 /* Base */ = {isa = PBXFileReference; lastKnownFileType = file.storyboard; name = Base; path = Base.lproj/LaunchScreen.storyboard; sourceTree = "<group>"; };
		EBBCA2B729E3E76800B9DC32 /* Info.plist */ = {isa = PBXFileReference; lastKnownFileType = text.plist.xml; path = Info.plist; sourceTree = "<group>"; };
		EBBCA2BF29E3E7B000B9DC32 /* AppNetworkConnectivity.swift */ = {isa = PBXFileReference; fileEncoding = 4; lastKnownFileType = sourcecode.swift; path = AppNetworkConnectivity.swift; sourceTree = "<group>"; };
		EBBCA2C029E3E7B000B9DC32 /* AppAPIRequest.swift */ = {isa = PBXFileReference; fileEncoding = 4; lastKnownFileType = sourcecode.swift; path = AppAPIRequest.swift; sourceTree = "<group>"; };
		EBBCA2C129E3E7B000B9DC32 /* AppNetworkManager.swift */ = {isa = PBXFileReference; fileEncoding = 4; lastKnownFileType = sourcecode.swift; path = AppNetworkManager.swift; sourceTree = "<group>"; };
		EBBCA2C329E3E7B000B9DC32 /* APIData.swift */ = {isa = PBXFileReference; fileEncoding = 4; lastKnownFileType = sourcecode.swift; path = APIData.swift; sourceTree = "<group>"; };
		EBBCA2C429E3E7B000B9DC32 /* NetworkConnectivity.swift */ = {isa = PBXFileReference; fileEncoding = 4; lastKnownFileType = sourcecode.swift; path = NetworkConnectivity.swift; sourceTree = "<group>"; };
		EBBCA2C529E3E7B000B9DC32 /* BaseAPIClient.swift */ = {isa = PBXFileReference; fileEncoding = 4; lastKnownFileType = sourcecode.swift; path = BaseAPIClient.swift; sourceTree = "<group>"; };
		EBBCA2C629E3E7B000B9DC32 /* APIRequest.swift */ = {isa = PBXFileReference; fileEncoding = 4; lastKnownFileType = sourcecode.swift; path = APIRequest.swift; sourceTree = "<group>"; };
		EBBCA2D129E3E93C00B9DC32 /* APIRequestType.swift */ = {isa = PBXFileReference; lastKnownFileType = sourcecode.swift; path = APIRequestType.swift; sourceTree = "<group>"; };
		EBBCA2D329E3EA2300B9DC32 /* APIPaths.swift */ = {isa = PBXFileReference; lastKnownFileType = sourcecode.swift; path = APIPaths.swift; sourceTree = "<group>"; };
		EBBCA2D729E4154B00B9DC32 /* AppConfiguration.swift */ = {isa = PBXFileReference; lastKnownFileType = sourcecode.swift; path = AppConfiguration.swift; sourceTree = "<group>"; };
		EBBCA2DA29E4160400B9DC32 /* StringUtility.swift */ = {isa = PBXFileReference; lastKnownFileType = sourcecode.swift; path = StringUtility.swift; sourceTree = "<group>"; };
		EBBCA2E229E41F6800B9DC32 /* AppFirebase.swift */ = {isa = PBXFileReference; lastKnownFileType = sourcecode.swift; path = AppFirebase.swift; sourceTree = "<group>"; };
		EBBCA2E529E4205500B9DC32 /* AppUserDefaults.swift */ = {isa = PBXFileReference; lastKnownFileType = sourcecode.swift; path = AppUserDefaults.swift; sourceTree = "<group>"; };
		EBBCA2E829E4583E00B9DC32 /* UploadUseCase.swift */ = {isa = PBXFileReference; lastKnownFileType = sourcecode.swift; path = UploadUseCase.swift; sourceTree = "<group>"; };
		EBBCA2EB29E458AD00B9DC32 /* UploadImageDTO.swift */ = {isa = PBXFileReference; lastKnownFileType = sourcecode.swift; path = UploadImageDTO.swift; sourceTree = "<group>"; };
		EBBCA2ED29E4590100B9DC32 /* DateExtensions.swift */ = {isa = PBXFileReference; lastKnownFileType = sourcecode.swift; path = DateExtensions.swift; sourceTree = "<group>"; };
		EBBCA2EF29E459A800B9DC32 /* encodableExtensions.swift */ = {isa = PBXFileReference; lastKnownFileType = sourcecode.swift; path = encodableExtensions.swift; sourceTree = "<group>"; };
		EBBCA2F129E45A6A00B9DC32 /* PostUseCase.swift */ = {isa = PBXFileReference; lastKnownFileType = sourcecode.swift; path = PostUseCase.swift; sourceTree = "<group>"; };
		EBBCA2F329E45AE400B9DC32 /* GroupCreatePostDTO.swift */ = {isa = PBXFileReference; lastKnownFileType = sourcecode.swift; path = GroupCreatePostDTO.swift; sourceTree = "<group>"; };
/* End PBXFileReference section */

/* Begin PBXFrameworksBuildPhase section */
		EBBCA2A329E3E76500B9DC32 /* Frameworks */ = {
			isa = PBXFrameworksBuildPhase;
			buildActionMask = 2147483647;
			files = (
				EBBCA2D029E3E85F00B9DC32 /* Alamofire in Frameworks */,
				EBBCA2DE29E41F0A00B9DC32 /* FirebaseAuth in Frameworks */,
			);
			runOnlyForDeploymentPostprocessing = 0;
		};
/* End PBXFrameworksBuildPhase section */

/* Begin PBXGroup section */
		EBBCA29D29E3E76500B9DC32 = {
			isa = PBXGroup;
			children = (
				EBBCA2A829E3E76500B9DC32 /* NetworkLayer */,
				EBBCA2A729E3E76500B9DC32 /* Products */,
			);
			sourceTree = "<group>";
		};
		EBBCA2A729E3E76500B9DC32 /* Products */ = {
			isa = PBXGroup;
			children = (
				EBBCA2A629E3E76500B9DC32 /* NetworkLayer.app */,
			);
			name = Products;
			sourceTree = "<group>";
		};
		EBBCA2A829E3E76500B9DC32 /* NetworkLayer */ = {
			isa = PBXGroup;
			children = (
				EBBCA2EA29E4589D00B9DC32 /* entities */,
				EBBCA2E729E4582700B9DC32 /* UseCases */,
				EBBCA2D929E415E700B9DC32 /* Utilities */,
				EBBCA2D529E4152900B9DC32 /* Shared */,
				EBBCA2BD29E3E7B000B9DC32 /* network */,
				EBBCA2A929E3E76500B9DC32 /* AppDelegate.swift */,
				EBBCA2AB29E3E76500B9DC32 /* SceneDelegate.swift */,
				EBBCA2AD29E3E76500B9DC32 /* ViewController.swift */,
				EBBCA2AF29E3E76500B9DC32 /* Main.storyboard */,
				EBBCA2B229E3E76800B9DC32 /* Assets.xcassets */,
				EBBCA2B429E3E76800B9DC32 /* LaunchScreen.storyboard */,
				EBBCA2B729E3E76800B9DC32 /* Info.plist */,
			);
			path = NetworkLayer;
			sourceTree = "<group>";
		};
		EBBCA2BD29E3E7B000B9DC32 /* network */ = {
			isa = PBXGroup;
			children = (
				EBBCA2BE29E3E7B000B9DC32 /* API */,
				EBBCA2C229E3E7B000B9DC32 /* Base */,
			);
			path = network;
			sourceTree = "<group>";
		};
		EBBCA2BE29E3E7B000B9DC32 /* API */ = {
			isa = PBXGroup;
			children = (
				EBBCA2BF29E3E7B000B9DC32 /* AppNetworkConnectivity.swift */,
				EBBCA2C029E3E7B000B9DC32 /* AppAPIRequest.swift */,
				EBBCA2C129E3E7B000B9DC32 /* AppNetworkManager.swift */,
				EBBCA2D129E3E93C00B9DC32 /* APIRequestType.swift */,
				EBBCA2D329E3EA2300B9DC32 /* APIPaths.swift */,
			);
			path = API;
			sourceTree = "<group>";
		};
		EBBCA2C229E3E7B000B9DC32 /* Base */ = {
			isa = PBXGroup;
			children = (
				EBBCA2C329E3E7B000B9DC32 /* APIData.swift */,
				EBBCA2C429E3E7B000B9DC32 /* NetworkConnectivity.swift */,
				EBBCA2C529E3E7B000B9DC32 /* BaseAPIClient.swift */,
				EBBCA2C629E3E7B000B9DC32 /* APIRequest.swift */,
			);
			path = Base;
			sourceTree = "<group>";
		};
		EBBCA2D529E4152900B9DC32 /* Shared */ = {
			isa = PBXGroup;
			children = (
				EBBCA2E429E4203600B9DC32 /* Storage */,
				EBBCA2DF29E41F3900B9DC32 /* Services */,
				EBBCA2D629E4152F00B9DC32 /* Configurations */,
			);
			path = Shared;
			sourceTree = "<group>";
		};
		EBBCA2D629E4152F00B9DC32 /* Configurations */ = {
			isa = PBXGroup;
			children = (
				EBBCA2D729E4154B00B9DC32 /* AppConfiguration.swift */,
			);
			path = Configurations;
			sourceTree = "<group>";
		};
		EBBCA2D929E415E700B9DC32 /* Utilities */ = {
			isa = PBXGroup;
			children = (
				EBBCA2DA29E4160400B9DC32 /* StringUtility.swift */,
				EBBCA2ED29E4590100B9DC32 /* DateExtensions.swift */,
				EBBCA2EF29E459A800B9DC32 /* encodableExtensions.swift */,
			);
			path = Utilities;
			sourceTree = "<group>";
		};
		EBBCA2DF29E41F3900B9DC32 /* Services */ = {
			isa = PBXGroup;
			children = (
				EBBCA2E229E41F6800B9DC32 /* AppFirebase.swift */,
			);
			path = Services;
			sourceTree = "<group>";
		};
		EBBCA2E429E4203600B9DC32 /* Storage */ = {
			isa = PBXGroup;
			children = (
				EBBCA2E529E4205500B9DC32 /* AppUserDefaults.swift */,
			);
			path = Storage;
			sourceTree = "<group>";
		};
		EBBCA2E729E4582700B9DC32 /* UseCases */ = {
			isa = PBXGroup;
			children = (
				EBBCA2E829E4583E00B9DC32 /* UploadUseCase.swift */,
				EBBCA2F129E45A6A00B9DC32 /* PostUseCase.swift */,
			);
			path = UseCases;
			sourceTree = "<group>";
		};
		EBBCA2EA29E4589D00B9DC32 /* entities */ = {
			isa = PBXGroup;
			children = (
				EBBCA2EB29E458AD00B9DC32 /* UploadImageDTO.swift */,
				EBBCA2F329E45AE400B9DC32 /* GroupCreatePostDTO.swift */,
			);
			path = entities;
			sourceTree = "<group>";
		};
/* End PBXGroup section */

/* Begin PBXNativeTarget section */
		EBBCA2A529E3E76500B9DC32 /* NetworkLayer */ = {
			isa = PBXNativeTarget;
			buildConfigurationList = EBBCA2BA29E3E76800B9DC32 /* Build configuration list for PBXNativeTarget "NetworkLayer" */;
			buildPhases = (
				EBBCA2A229E3E76500B9DC32 /* Sources */,
				EBBCA2A329E3E76500B9DC32 /* Frameworks */,
				EBBCA2A429E3E76500B9DC32 /* Resources */,
			);
			buildRules = (
			);
			dependencies = (
			);
			name = NetworkLayer;
			packageProductDependencies = (
				EBBCA2CF29E3E85F00B9DC32 /* Alamofire */,
				EBBCA2DD29E41F0A00B9DC32 /* FirebaseAuth */,
			);
			productName = NetworkLayer;
			productReference = EBBCA2A629E3E76500B9DC32 /* NetworkLayer.app */;
			productType = "com.apple.product-type.application";
		};
/* End PBXNativeTarget section */

/* Begin PBXProject section */
		EBBCA29E29E3E76500B9DC32 /* Project object */ = {
			isa = PBXProject;
			attributes = {
				BuildIndependentTargetsInParallel = 1;
				LastSwiftUpdateCheck = 1420;
				LastUpgradeCheck = 1420;
				TargetAttributes = {
					EBBCA2A529E3E76500B9DC32 = {
						CreatedOnToolsVersion = 14.2;
					};
				};
			};
			buildConfigurationList = EBBCA2A129E3E76500B9DC32 /* Build configuration list for PBXProject "NetworkLayer" */;
			compatibilityVersion = "Xcode 14.0";
			developmentRegion = en;
			hasScannedForEncodings = 0;
			knownRegions = (
				en,
				Base,
			);
			mainGroup = EBBCA29D29E3E76500B9DC32;
			packageReferences = (
				EBBCA2CE29E3E85F00B9DC32 /* XCRemoteSwiftPackageReference "Alamofire" */,
				EBBCA2DC29E41F0A00B9DC32 /* XCRemoteSwiftPackageReference "firebase-ios-sdk" */,
			);
			productRefGroup = EBBCA2A729E3E76500B9DC32 /* Products */;
			projectDirPath = "";
			projectRoot = "";
			targets = (
				EBBCA2A529E3E76500B9DC32 /* NetworkLayer */,
			);
		};
/* End PBXProject section */

/* Begin PBXResourcesBuildPhase section */
		EBBCA2A429E3E76500B9DC32 /* Resources */ = {
			isa = PBXResourcesBuildPhase;
			buildActionMask = 2147483647;
			files = (
				EBBCA2B629E3E76800B9DC32 /* LaunchScreen.storyboard in Resources */,
				EBBCA2B329E3E76800B9DC32 /* Assets.xcassets in Resources */,
				EBBCA2B129E3E76500B9DC32 /* Main.storyboard in Resources */,
			);
			runOnlyForDeploymentPostprocessing = 0;
		};
/* End PBXResourcesBuildPhase section */

/* Begin PBXSourcesBuildPhase section */
		EBBCA2A229E3E76500B9DC32 /* Sources */ = {
			isa = PBXSourcesBuildPhase;
			buildActionMask = 2147483647;
			files = (
				EBBCA2C929E3E7B000B9DC32 /* AppNetworkManager.swift in Sources */,
				EBBCA2CA29E3E7B000B9DC32 /* APIData.swift in Sources */,
				EBBCA2C829E3E7B000B9DC32 /* AppAPIRequest.swift in Sources */,
				EBBCA2D829E4154B00B9DC32 /* AppConfiguration.swift in Sources */,
				EBBCA2EC29E458AD00B9DC32 /* UploadImageDTO.swift in Sources */,
				EBBCA2F429E45AE400B9DC32 /* GroupCreatePostDTO.swift in Sources */,
				EBBCA2F029E459A800B9DC32 /* encodableExtensions.swift in Sources */,
				EBBCA2AE29E3E76500B9DC32 /* ViewController.swift in Sources */,
				EBBCA2EE29E4590100B9DC32 /* DateExtensions.swift in Sources */,
				EBBCA2C729E3E7B000B9DC32 /* AppNetworkConnectivity.swift in Sources */,
				EBBCA2CB29E3E7B000B9DC32 /* NetworkConnectivity.swift in Sources */,
				EBBCA2F229E45A6A00B9DC32 /* PostUseCase.swift in Sources */,
				EBBCA2E929E4583F00B9DC32 /* UploadUseCase.swift in Sources */,
				EBBCA2D229E3E93C00B9DC32 /* APIRequestType.swift in Sources */,
				EBBCA2E629E4205500B9DC32 /* AppUserDefaults.swift in Sources */,
				EBBCA2AA29E3E76500B9DC32 /* AppDelegate.swift in Sources */,
				EBBCA2AC29E3E76500B9DC32 /* SceneDelegate.swift in Sources */,
				EBBCA2CD29E3E7B000B9DC32 /* APIRequest.swift in Sources */,
				EBBCA2DB29E4160400B9DC32 /* StringUtility.swift in Sources */,
				EBBCA2CC29E3E7B000B9DC32 /* BaseAPIClient.swift in Sources */,
				EBBCA2E329E41F6800B9DC32 /* AppFirebase.swift in Sources */,
				EBBCA2D429E3EA2300B9DC32 /* APIPaths.swift in Sources */,
			);
			runOnlyForDeploymentPostprocessing = 0;
		};
/* End PBXSourcesBuildPhase section */

/* Begin PBXVariantGroup section */
		EBBCA2AF29E3E76500B9DC32 /* Main.storyboard */ = {
			isa = PBXVariantGroup;
			children = (
				EBBCA2B029E3E76500B9DC32 /* Base */,
			);
			name = Main.storyboard;
			sourceTree = "<group>";
		};
		EBBCA2B429E3E76800B9DC32 /* LaunchScreen.storyboard */ = {
			isa = PBXVariantGroup;
			children = (
				EBBCA2B529E3E76800B9DC32 /* Base */,
			);
			name = LaunchScreen.storyboard;
			sourceTree = "<group>";
		};
/* End PBXVariantGroup section */

/* Begin XCBuildConfiguration section */
		EBBCA2B829E3E76800B9DC32 /* Debug */ = {
			isa = XCBuildConfiguration;
			buildSettings = {
				ALWAYS_SEARCH_USER_PATHS = NO;
				CLANG_ANALYZER_NONNULL = YES;
				CLANG_ANALYZER_NUMBER_OBJECT_CONVERSION = YES_AGGRESSIVE;
				CLANG_CXX_LANGUAGE_STANDARD = "gnu++20";
				CLANG_ENABLE_MODULES = YES;
				CLANG_ENABLE_OBJC_ARC = YES;
				CLANG_ENABLE_OBJC_WEAK = YES;
				CLANG_WARN_BLOCK_CAPTURE_AUTORELEASING = YES;
				CLANG_WARN_BOOL_CONVERSION = YES;
				CLANG_WARN_COMMA = YES;
				CLANG_WARN_CONSTANT_CONVERSION = YES;
				CLANG_WARN_DEPRECATED_OBJC_IMPLEMENTATIONS = YES;
				CLANG_WARN_DIRECT_OBJC_ISA_USAGE = YES_ERROR;
				CLANG_WARN_DOCUMENTATION_COMMENTS = YES;
				CLANG_WARN_EMPTY_BODY = YES;
				CLANG_WARN_ENUM_CONVERSION = YES;
				CLANG_WARN_INFINITE_RECURSION = YES;
				CLANG_WARN_INT_CONVERSION = YES;
				CLANG_WARN_NON_LITERAL_NULL_CONVERSION = YES;
				CLANG_WARN_OBJC_IMPLICIT_RETAIN_SELF = YES;
				CLANG_WARN_OBJC_LITERAL_CONVERSION = YES;
				CLANG_WARN_OBJC_ROOT_CLASS = YES_ERROR;
				CLANG_WARN_QUOTED_INCLUDE_IN_FRAMEWORK_HEADER = YES;
				CLANG_WARN_RANGE_LOOP_ANALYSIS = YES;
				CLANG_WARN_STRICT_PROTOTYPES = YES;
				CLANG_WARN_SUSPICIOUS_MOVE = YES;
				CLANG_WARN_UNGUARDED_AVAILABILITY = YES_AGGRESSIVE;
				CLANG_WARN_UNREACHABLE_CODE = YES;
				CLANG_WARN__DUPLICATE_METHOD_MATCH = YES;
				COPY_PHASE_STRIP = NO;
				DEBUG_INFORMATION_FORMAT = dwarf;
				ENABLE_STRICT_OBJC_MSGSEND = YES;
				ENABLE_TESTABILITY = YES;
				GCC_C_LANGUAGE_STANDARD = gnu11;
				GCC_DYNAMIC_NO_PIC = NO;
				GCC_NO_COMMON_BLOCKS = YES;
				GCC_OPTIMIZATION_LEVEL = 0;
				GCC_PREPROCESSOR_DEFINITIONS = (
					"DEBUG=1",
					"$(inherited)",
				);
				GCC_WARN_64_TO_32_BIT_CONVERSION = YES;
				GCC_WARN_ABOUT_RETURN_TYPE = YES_ERROR;
				GCC_WARN_UNDECLARED_SELECTOR = YES;
				GCC_WARN_UNINITIALIZED_AUTOS = YES_AGGRESSIVE;
				GCC_WARN_UNUSED_FUNCTION = YES;
				GCC_WARN_UNUSED_VARIABLE = YES;
				IPHONEOS_DEPLOYMENT_TARGET = 16.2;
				MTL_ENABLE_DEBUG_INFO = INCLUDE_SOURCE;
				MTL_FAST_MATH = YES;
				ONLY_ACTIVE_ARCH = YES;
				SDKROOT = iphoneos;
				SWIFT_ACTIVE_COMPILATION_CONDITIONS = DEBUG;
				SWIFT_OPTIMIZATION_LEVEL = "-Onone";
			};
			name = Debug;
		};
		EBBCA2B929E3E76800B9DC32 /* Release */ = {
			isa = XCBuildConfiguration;
			buildSettings = {
				ALWAYS_SEARCH_USER_PATHS = NO;
				CLANG_ANALYZER_NONNULL = YES;
				CLANG_ANALYZER_NUMBER_OBJECT_CONVERSION = YES_AGGRESSIVE;
				CLANG_CXX_LANGUAGE_STANDARD = "gnu++20";
				CLANG_ENABLE_MODULES = YES;
				CLANG_ENABLE_OBJC_ARC = YES;
				CLANG_ENABLE_OBJC_WEAK = YES;
				CLANG_WARN_BLOCK_CAPTURE_AUTORELEASING = YES;
				CLANG_WARN_BOOL_CONVERSION = YES;
				CLANG_WARN_COMMA = YES;
				CLANG_WARN_CONSTANT_CONVERSION = YES;
				CLANG_WARN_DEPRECATED_OBJC_IMPLEMENTATIONS = YES;
				CLANG_WARN_DIRECT_OBJC_ISA_USAGE = YES_ERROR;
				CLANG_WARN_DOCUMENTATION_COMMENTS = YES;
				CLANG_WARN_EMPTY_BODY = YES;
				CLANG_WARN_ENUM_CONVERSION = YES;
				CLANG_WARN_INFINITE_RECURSION = YES;
				CLANG_WARN_INT_CONVERSION = YES;
				CLANG_WARN_NON_LITERAL_NULL_CONVERSION = YES;
				CLANG_WARN_OBJC_IMPLICIT_RETAIN_SELF = YES;
				CLANG_WARN_OBJC_LITERAL_CONVERSION = YES;
				CLANG_WARN_OBJC_ROOT_CLASS = YES_ERROR;
				CLANG_WARN_QUOTED_INCLUDE_IN_FRAMEWORK_HEADER = YES;
				CLANG_WARN_RANGE_LOOP_ANALYSIS = YES;
				CLANG_WARN_STRICT_PROTOTYPES = YES;
				CLANG_WARN_SUSPICIOUS_MOVE = YES;
				CLANG_WARN_UNGUARDED_AVAILABILITY = YES_AGGRESSIVE;
				CLANG_WARN_UNREACHABLE_CODE = YES;
				CLANG_WARN__DUPLICATE_METHOD_MATCH = YES;
				COPY_PHASE_STRIP = NO;
				DEBUG_INFORMATION_FORMAT = "dwarf-with-dsym";
				ENABLE_NS_ASSERTIONS = NO;
				ENABLE_STRICT_OBJC_MSGSEND = YES;
				GCC_C_LANGUAGE_STANDARD = gnu11;
				GCC_NO_COMMON_BLOCKS = YES;
				GCC_WARN_64_TO_32_BIT_CONVERSION = YES;
				GCC_WARN_ABOUT_RETURN_TYPE = YES_ERROR;
				GCC_WARN_UNDECLARED_SELECTOR = YES;
				GCC_WARN_UNINITIALIZED_AUTOS = YES_AGGRESSIVE;
				GCC_WARN_UNUSED_FUNCTION = YES;
				GCC_WARN_UNUSED_VARIABLE = YES;
				IPHONEOS_DEPLOYMENT_TARGET = 16.2;
				MTL_ENABLE_DEBUG_INFO = NO;
				MTL_FAST_MATH = YES;
				SDKROOT = iphoneos;
				SWIFT_COMPILATION_MODE = wholemodule;
				SWIFT_OPTIMIZATION_LEVEL = "-O";
				VALIDATE_PRODUCT = YES;
			};
			name = Release;
		};
		EBBCA2BB29E3E76800B9DC32 /* Debug */ = {
			isa = XCBuildConfiguration;
			buildSettings = {
				ASSETCATALOG_COMPILER_APPICON_NAME = AppIcon;
				ASSETCATALOG_COMPILER_GLOBAL_ACCENT_COLOR_NAME = AccentColor;
				CODE_SIGN_STYLE = Automatic;
				CURRENT_PROJECT_VERSION = 1;
				DEVELOPMENT_TEAM = 2F42C869YB;
				GENERATE_INFOPLIST_FILE = YES;
				INFOPLIST_FILE = NetworkLayer/Info.plist;
				INFOPLIST_KEY_UIApplicationSupportsIndirectInputEvents = YES;
				INFOPLIST_KEY_UILaunchStoryboardName = LaunchScreen;
				INFOPLIST_KEY_UIMainStoryboardFile = Main;
				INFOPLIST_KEY_UISupportedInterfaceOrientations_iPad = "UIInterfaceOrientationPortrait UIInterfaceOrientationPortraitUpsideDown UIInterfaceOrientationLandscapeLeft UIInterfaceOrientationLandscapeRight";
				INFOPLIST_KEY_UISupportedInterfaceOrientations_iPhone = "UIInterfaceOrientationPortrait UIInterfaceOrientationLandscapeLeft UIInterfaceOrientationLandscapeRight";
				LD_RUNPATH_SEARCH_PATHS = (
					"$(inherited)",
					"@executable_path/Frameworks",
				);
				MARKETING_VERSION = 1.0;
				PRODUCT_BUNDLE_IDENTIFIER = openSource.NetworkLayer;
				PRODUCT_NAME = "$(TARGET_NAME)";
				SWIFT_EMIT_LOC_STRINGS = YES;
				SWIFT_VERSION = 5.0;
				TARGETED_DEVICE_FAMILY = "1,2";
			};
			name = Debug;
		};
		EBBCA2BC29E3E76800B9DC32 /* Release */ = {
			isa = XCBuildConfiguration;
			buildSettings = {
				ASSETCATALOG_COMPILER_APPICON_NAME = AppIcon;
				ASSETCATALOG_COMPILER_GLOBAL_ACCENT_COLOR_NAME = AccentColor;
				CODE_SIGN_STYLE = Automatic;
				CURRENT_PROJECT_VERSION = 1;
				DEVELOPMENT_TEAM = 2F42C869YB;
				GENERATE_INFOPLIST_FILE = YES;
				INFOPLIST_FILE = NetworkLayer/Info.plist;
				INFOPLIST_KEY_UIApplicationSupportsIndirectInputEvents = YES;
				INFOPLIST_KEY_UILaunchStoryboardName = LaunchScreen;
				INFOPLIST_KEY_UIMainStoryboardFile = Main;
				INFOPLIST_KEY_UISupportedInterfaceOrientations_iPad = "UIInterfaceOrientationPortrait UIInterfaceOrientationPortraitUpsideDown UIInterfaceOrientationLandscapeLeft UIInterfaceOrientationLandscapeRight";
				INFOPLIST_KEY_UISupportedInterfaceOrientations_iPhone = "UIInterfaceOrientationPortrait UIInterfaceOrientationLandscapeLeft UIInterfaceOrientationLandscapeRight";
				LD_RUNPATH_SEARCH_PATHS = (
					"$(inherited)",
					"@executable_path/Frameworks",
				);
				MARKETING_VERSION = 1.0;
				PRODUCT_BUNDLE_IDENTIFIER = openSource.NetworkLayer;
				PRODUCT_NAME = "$(TARGET_NAME)";
				SWIFT_EMIT_LOC_STRINGS = YES;
				SWIFT_VERSION = 5.0;
				TARGETED_DEVICE_FAMILY = "1,2";
			};
			name = Release;
		};
/* End XCBuildConfiguration section */

/* Begin XCConfigurationList section */
		EBBCA2A129E3E76500B9DC32 /* Build configuration list for PBXProject "NetworkLayer" */ = {
			isa = XCConfigurationList;
			buildConfigurations = (
				EBBCA2B829E3E76800B9DC32 /* Debug */,
				EBBCA2B929E3E76800B9DC32 /* Release */,
			);
			defaultConfigurationIsVisible = 0;
			defaultConfigurationName = Release;
		};
		EBBCA2BA29E3E76800B9DC32 /* Build configuration list for PBXNativeTarget "NetworkLayer" */ = {
			isa = XCConfigurationList;
			buildConfigurations = (
				EBBCA2BB29E3E76800B9DC32 /* Debug */,
				EBBCA2BC29E3E76800B9DC32 /* Release */,
			);
			defaultConfigurationIsVisible = 0;
			defaultConfigurationName = Release;
		};
/* End XCConfigurationList section */

/* Begin XCRemoteSwiftPackageReference section */
		EBBCA2CE29E3E85F00B9DC32 /* XCRemoteSwiftPackageReference "Alamofire" */ = {
			isa = XCRemoteSwiftPackageReference;
			repositoryURL = "https://github.com/Alamofire/Alamofire.git";
			requirement = {
				kind = upToNextMajorVersion;
				minimumVersion = 5.0.0;
			};
		};
		EBBCA2DC29E41F0A00B9DC32 /* XCRemoteSwiftPackageReference "firebase-ios-sdk" */ = {
			isa = XCRemoteSwiftPackageReference;
			repositoryURL = "https://github.com/firebase/firebase-ios-sdk.git";
			requirement = {
				kind = upToNextMajorVersion;
				minimumVersion = 9.0.0;
			};
		};
/* End XCRemoteSwiftPackageReference section */

/* Begin XCSwiftPackageProductDependency section */
		EBBCA2CF29E3E85F00B9DC32 /* Alamofire */ = {
			isa = XCSwiftPackageProductDependency;
			package = EBBCA2CE29E3E85F00B9DC32 /* XCRemoteSwiftPackageReference "Alamofire" */;
			productName = Alamofire;
		};
		EBBCA2DD29E41F0A00B9DC32 /* FirebaseAuth */ = {
			isa = XCSwiftPackageProductDependency;
			package = EBBCA2DC29E41F0A00B9DC32 /* XCRemoteSwiftPackageReference "firebase-ios-sdk" */;
			productName = FirebaseAuth;
		};
/* End XCSwiftPackageProductDependency section */
	};
	rootObject = EBBCA29E29E3E76500B9DC32 /* Project object */;
}
